
Microsoft Visual Studio Solution File, Format Version 12.00
# Visual Studio for Mac
Project("{FAE04EC0-301F-11D3-BF4B-00C04F79EFBC}") = "Assembly-CSharp", "Assembly-CSharp.csproj", "{06A5686D-B88C-A341-12D1-CFA7429A8B56}"
EndProject
Project("{FAE04EC0-301F-11D3-BF4B-00C04F79EFBC}") = "Unity.2D.Tilemap.Extras", "Unity.2D.Tilemap.Extras.csproj", "{C4B115D1-D695-ECFE-FB4B-A5CA7E47FFD7}"
EndProject
Project("{FAE04EC0-301F-11D3-BF4B-00C04F79EFBC}") = "Unity.2D.Tilemap.Extras.Editor", "Unity.2D.Tilemap.Extras.Editor.csproj", "{5C267FE2-D2CA-F83C-A7E7-6EA04D9C536A}"
EndProject
Project("{FAE04EC0-301F-11D3-BF4B-00C04F79EFBC}") = "Assembly-CSharp-Editor", "Assembly-CSharp-Editor.csproj", "{DD242088-E0E4-2E8B-DA6E-9CC08F3C1CCF}"
EndProject
Global
	GlobalSection(SolutionConfigurationPlatforms) = preSolution
		Debug|Any CPU = Debug|Any CPU
		Release|Any CPU = Release|Any CPU
	EndGlobalSection
	GlobalSection(ProjectConfigurationPlatforms) = postSolution
		{06A5686D-B88C-A341-12D1-CFA7429A8B56}.Debug|Any CPU.ActiveCfg = Debug|Any CPU
		{06A5686D-B88C-A341-12D1-CFA7429A8B56}.Debug|Any CPU.Build.0 = Debug|Any CPU
		{06A5686D-B88C-A341-12D1-CFA7429A8B56}.Release|Any CPU.ActiveCfg = Release|Any CPU
		{06A5686D-B88C-A341-12D1-CFA7429A8B56}.Release|Any CPU.Build.0 = Release|Any CPU
		{C4B115D1-D695-ECFE-FB4B-A5CA7E47FFD7}.Debug|Any CPU.ActiveCfg = Debug|Any CPU
		{C4B115D1-D695-ECFE-FB4B-A5CA7E47FFD7}.Debug|Any CPU.Build.0 = Debug|Any CPU
		{C4B115D1-D695-ECFE-FB4B-A5CA7E47FFD7}.Release|Any CPU.ActiveCfg = Release|Any CPU
		{C4B115D1-D695-ECFE-FB4B-A5CA7E47FFD7}.Release|Any CPU.Build.0 = Release|Any CPU
		{5C267FE2-D2CA-F83C-A7E7-6EA04D9C536A}.Debug|Any CPU.ActiveCfg = Debug|Any CPU
		{5C267FE2-D2CA-F83C-A7E7-6EA04D9C536A}.Debug|Any CPU.Build.0 = Debug|Any CPU
		{5C267FE2-D2CA-F83C-A7E7-6EA04D9C536A}.Release|Any CPU.ActiveCfg = Release|Any CPU
		{5C267FE2-D2CA-F83C-A7E7-6EA04D9C536A}.Release|Any CPU.Build.0 = Release|Any CPU
		{DD242088-E0E4-2E8B-DA6E-9CC08F3C1CCF}.Debug|Any CPU.ActiveCfg = Debug|Any CPU
		{DD242088-E0E4-2E8B-DA6E-9CC08F3C1CCF}.Debug|Any CPU.Build.0 = Debug|Any CPU
		{DD242088-E0E4-2E8B-DA6E-9CC08F3C1CCF}.Release|Any CPU.ActiveCfg = Release|Any CPU
		{DD242088-E0E4-2E8B-DA6E-9CC08F3C1CCF}.Release|Any CPU.Build.0 = Release|Any CPU
	EndGlobalSection
	GlobalSection(SolutionProperties) = preSolution
		HideSolutionNode = FALSE
	EndGlobalSection
EndGlobal
